
Microsoft Visual Studio Solution File, Format Version 12.00
# Visual Studio Version 17
VisualStudioVersion = 17.14.36119.2 d17.14
MinimumVisualStudioVersion = 10.0.40219.1
Project("{888888A0-9F3D-457C-B088-3A5042F75D52}") = "retracker", "retracker.pyproj", "{58126091-EA5B-4D77-89CD-6E9B2704FD7D}"
EndProject
Global
	GlobalSection(SolutionConfigurationPlatforms) = preSolution
		Debug|Any CPU = Debug|Any CPU
		Release|Any CPU = Release|Any CPU
	EndGlobalSection
	GlobalSection(ProjectConfigurationPlatforms) = postSolution
		{58126091-EA5B-4D77-89CD-6E9B2704FD7D}.Debug|Any CPU.ActiveCfg = Debug|Any CPU
		{58126091-EA5B-4D77-89CD-6E9B2704FD7D}.Debug|Any CPU.Build.0 = Debug|Any CPU
		{58126091-EA5B-4D77-89CD-6E9B2704FD7D}.Release|Any CPU.ActiveCfg = Release|Any CPU
		{58126091-EA5B-4D77-89CD-6E9B2704FD7D}.Release|Any CPU.Build.0 = Release|Any CPU
	EndGlobalSection
	GlobalSection(SolutionProperties) = preSolution
		HideSolutionNode = FALSE
	EndGlobalSection
	GlobalSection(ExtensibilityGlobals) = postSolution
		SolutionGuid = {87245DD2-DB71-4083-94B9-771969988C55}
	EndGlobalSection
EndGlobal
